
Microsoft Visual Studio Solution File, Format Version 12.00
# Visual Studio Version 17
VisualStudioVersion = 17.5.33502.453
MinimumVisualStudioVersion = 10.0.40219.1
Project("{FAE04EC0-301F-11D3-BF4B-00C04F79EFBC}") = "ECommerceMVC", "ECommerceMVC\ECommerceMVC.csproj", "{A16544D9-88C6-4914-A452-7C124F9B2D01}"
EndProject
Global
	GlobalSection(SolutionConfigurationPlatforms) = preSolution
		Debug|Any CPU = Debug|Any CPU
		Release|Any CPU = Release|Any CPU
	EndGlobalSection
	GlobalSection(ProjectConfigurationPlatforms) = postSolution
		{A16544D9-88C6-4914-A452-7C124F9B2D01}.Debug|Any CPU.ActiveCfg = Debug|Any CPU
		{A16544D9-88C6-4914-A452-7C124F9B2D01}.Debug|Any CPU.Build.0 = Debug|Any CPU
		{A16544D9-88C6-4914-A452-7C124F9B2D01}.Release|Any CPU.ActiveCfg = Release|Any CPU
		{A16544D9-88C6-4914-A452-7C124F9B2D01}.Release|Any CPU.Build.0 = Release|Any CPU
	EndGlobalSection
	GlobalSection(SolutionProperties) = preSolution
		HideSolutionNode = FALSE
	EndGlobalSection
	GlobalSection(ExtensibilityGlobals) = postSolution
		SolutionGuid = {8F05DE56-1480-42D2-843C-018246448D7A}
	EndGlobalSection
EndGlobal
